<?xml version="1.0" encoding="UTF-8" standalone="yes" ?>
<CodeBlocks_project_file>
	<FileVersion major="1" minor="6" />
	<Project>
		<Option title="DustAppTest01Main" />
		<Option pch_mode="2" />
		<Option compiler="gcc" />
		<Build>
			<Target title="Debug">
				<Option output="$(#ark_debug.LIB)/DustAppTest01Main" prefix_auto="1" extension_auto="1" />
				<Option object_output="../obj/Debug/" />
				<Option type="1" />
				<Option compiler="gcc" />
				<Option parameters="DustModText DustModDplStl DustModTest01" />
				<Compiler>
					<Add option="-g" />
				</Compiler>
			</Target>
			<Target title="Release">
				<Option output="$(#ark_release.LIB)/DustAppTest01Main" prefix_auto="1" extension_auto="1" />
				<Option object_output="../obj/Release/" />
				<Option type="1" />
				<Option compiler="gcc" />
				<Compiler>
					<Add option="-O2" />
				</Compiler>
				<Linker>
					<Add option="-s" />
				</Linker>
			</Target>
		</Build>
		<Compiler>
			<Add option="-Wall" />
			<Add option="-fexceptions" />
			<Add directory="$(#ark_debug.BASE)/dust/main/src" />
			<Add directory="$(#ark_debug.INCLUDE)" />
			<Add directory="$(#ark_debug.BASE)/units" />
		</Compiler>
		<Linker>
			<Add library="$(#ark_debug.LIB)/libDustLibApi.a" />
			<Add library="$(#ark_debug.LIB)/libDustLibMain.a" />
		</Linker>
		<Unit filename="../../../src/DustgenAppMain.cpp" />
		<Extensions>
			<code_completion />
			<envvars />
			<debugger />
		</Extensions>
	</Project>
</CodeBlocks_project_file>
