<?xml version="1.0" encoding="UTF-8" standalone="yes" ?>
<CodeBlocks_project_file>
	<FileVersion major="1" minor="6" />
	<Project>
		<Option title="DustAppTest01Main" />
		<Option pch_mode="2" />
		<Option compiler="gcc" />
		<Build>
			<Target title="Debug">
				<Option output="$(#ark_main.LIB)/Debug/DustAppTest01Main" prefix_auto="1" extension_auto="1" />
				<Option object_output="obj/Debug/" />
				<Option type="1" />
				<Option compiler="gcc" />
				<Compiler>
					<Add option="-g" />
				</Compiler>
				<Linker>
					<Add library="$(#ark_main.LIB)/Debug/libDustLibApi.a" />
					<Add library="$(#ark_main.LIB)/Debug/libDustLibRuntime.a" />
					<Add library="$(#ark_main.LIB)/Debug/libDustLibMain.a" />
				</Linker>
			</Target>
			<Target title="Release">
				<Option output="$(#ark_main.LIB)/Release/DustAppTest01Main" prefix_auto="1" extension_auto="1" />
				<Option object_output="obj/Release/" />
				<Option type="1" />
				<Option compiler="gcc" />
				<Compiler>
					<Add option="-O2" />
				</Compiler>
				<Linker>
					<Add option="-s" />
					<Add library="$(#ark_main.LIB)/Release/libDustLibApi.a" />
					<Add library="$(#ark_main.LIB)/Release/libDustLibRuntime.a" />
					<Add library="$(#ark_main.LIB)/Release/libDustLibMain.a" />
				</Linker>
			</Target>
		</Build>
		<Compiler>
			<Add option="-Wall" />
			<Add option="-fexceptions" />
			<Add directory="$(#ark_main.INCLUDE)" />
			<Add directory="$(#ark_main.DUSTAPI)" />
			<Add directory="$(#ark_main.DUSTRUNTIME)" />
			<Add directory="$(#ark_main.DUSTMAIN)" />
		</Compiler>
		<Unit filename="../../../../../../platforms/cpp/systems/dust/Test01/DustgenAppMain.cpp" />
		<Unit filename="../../../../../../platforms/cpp/units/MiND/DustMindUtils.cpp" />
		<Unit filename="../../../../../../platforms/cpp/units/MiND/DustMindUtils.h" />
		<Unit filename="../../../../../../platforms/cpp/units/MiND/DustgenUnitMindCore.cpp" />
		<Unit filename="../../../../../../platforms/cpp/units/MiND/DustgenUnitMindCore.h" />
		<Unit filename="../../../../../../platforms/cpp/units/MiND/DustgenUnitMindTools.cpp" />
		<Unit filename="../../../../../../platforms/cpp/units/MiND/DustgenUnitMindTools.h" />
		<Unit filename="../../../../../../platforms/cpp/units/dust/DustgenUnitHttp.cpp" />
		<Unit filename="../../../../../../platforms/cpp/units/dust/DustgenUnitHttp.h" />
		<Unit filename="../../../../../../platforms/cpp/units/dust/DustgenUnitStore.cpp" />
		<Unit filename="../../../../../../platforms/cpp/units/dust/DustgenUnitStore.h" />
		<Unit filename="../../../../../../platforms/cpp/units/dust/DustgenUnitTest01.cpp" />
		<Unit filename="../../../../../../platforms/cpp/units/dust/DustgenUnitTest01.h" />
		<Extensions>
			<code_completion />
			<envvars />
			<debugger />
		</Extensions>
	</Project>
</CodeBlocks_project_file>
