<?xml version="1.0" encoding="UTF-8" standalone="yes" ?>
<CodeBlocks_project_file>
	<FileVersion major="1" minor="6" />
	<Project>
		<Option title="DustModTest01" />
		<Option pch_mode="2" />
		<Option compiler="gcc" />
		<Build>
			<Target title="Debug">
				<Option output="$(#ark_main.LIB)/Debug/DustModTest01" prefix_auto="1" extension_auto="1" />
				<Option object_output="obj/Debug/" />
				<Option type="3" />
				<Option compiler="gcc" />
				<Option createDefFile="1" />
				<Option createStaticLib="1" />
				<Compiler>
					<Add option="-g" />
				</Compiler>
				<Linker>
					<Add library="$(#ark_main.LIB)/Debug/libDustLibApi.a" />
				</Linker>
			</Target>
			<Target title="Release">
				<Option output="$(#ark_main.LIB)/Release/DustModTest01" prefix_auto="1" extension_auto="1" />
				<Option object_output="obj/Release/" />
				<Option type="3" />
				<Option compiler="gcc" />
				<Option createDefFile="1" />
				<Option createStaticLib="1" />
				<Compiler>
					<Add option="-O2" />
				</Compiler>
				<Linker>
					<Add option="-s" />
					<Add library="$(#ark_main.LIB)/Release/libDustLibApi.a" />
				</Linker>
			</Target>
		</Build>
		<Compiler>
			<Add option="-Wall" />
			<Add option="-DBUILD_DLL" />
			<Add directory="$(#ark_main.INCLUDE)" />
			<Add directory="$(#ark_main.DUSTAPI)" />
		</Compiler>
		<Unit filename="../../../../../platforms/cpp/modules/dust/Test01/test01.cpp" />
		<Unit filename="../../../../../platforms/cpp/units/MiND/DustgenUnitMindCore.cpp" />
		<Unit filename="../../../../../platforms/cpp/units/MiND/DustgenUnitMindCore.h" />
		<Unit filename="../../../../../platforms/cpp/units/MiND/DustgenUnitMindTools.cpp" />
		<Unit filename="../../../../../platforms/cpp/units/MiND/DustgenUnitMindTools.h" />
		<Unit filename="../../../../../platforms/cpp/units/dust/DustgenUnitTest01.cpp" />
		<Unit filename="../../../../../platforms/cpp/units/dust/DustgenUnitTest01.h" />
		<Extensions>
			<code_completion />
			<envvars />
			<debugger />
			<lib_finder disable_auto="1" />
		</Extensions>
	</Project>
</CodeBlocks_project_file>
